
Microsoft Visual Studio Solution File, Format Version 12.00
Project("{FAE04EC0-301F-11D3-BF4B-00C04F79EFBC}") = "PythonCoreRuntime", "PythonCoreRuntime\PythonCoreRuntime.csproj", "{101ABC8A-02A1-4E80-B9D8-6990420FE233}"
EndProject
Project("{FAE04EC0-301F-11D3-BF4B-00C04F79EFBC}") = "TestPythonCoreRuntime", "TestPythonCoreRuntime\TestPythonCoreRuntime.csproj", "{EF794F29-6E37-4E31-986A-C5B4483D49B8}"
EndProject
Global
	GlobalSection(SolutionConfigurationPlatforms) = preSolution
		Debug|Any CPU = Debug|Any CPU
		Release|Any CPU = Release|Any CPU
	EndGlobalSection
	GlobalSection(ProjectConfigurationPlatforms) = postSolution
		{101ABC8A-02A1-4E80-B9D8-6990420FE233}.Debug|Any CPU.ActiveCfg = Debug|Any CPU
		{101ABC8A-02A1-4E80-B9D8-6990420FE233}.Debug|Any CPU.Build.0 = Debug|Any CPU
		{101ABC8A-02A1-4E80-B9D8-6990420FE233}.Release|Any CPU.ActiveCfg = Release|Any CPU
		{101ABC8A-02A1-4E80-B9D8-6990420FE233}.Release|Any CPU.Build.0 = Release|Any CPU
		{EF794F29-6E37-4E31-986A-C5B4483D49B8}.Debug|Any CPU.ActiveCfg = Debug|Any CPU
		{EF794F29-6E37-4E31-986A-C5B4483D49B8}.Debug|Any CPU.Build.0 = Debug|Any CPU
		{EF794F29-6E37-4E31-986A-C5B4483D49B8}.Release|Any CPU.ActiveCfg = Release|Any CPU
		{EF794F29-6E37-4E31-986A-C5B4483D49B8}.Release|Any CPU.Build.0 = Release|Any CPU
	EndGlobalSection
EndGlobal
